
Microsoft Visual Studio Solution File, Format Version 12.00
# Visual Studio Version 16
VisualStudioVersion = 16.0.31702.278
MinimumVisualStudioVersion = 10.0.40219.1
Project("{9A19103F-16F7-4668-BE54-9A1E7A4F7556}") = "App.UI", "App.UI\App.UI.csproj", "{8A2A0BD2-DAD9-492B-B5A5-11C22217467C}"
	ProjectSection(ProjectDependencies) = postProject
		{5A77E8A9-B86F-4A87-A7F5-F176D893C754} = {5A77E8A9-B86F-4A87-A7F5-F176D893C754}
	EndProjectSection
EndProject
Project("{9A19103F-16F7-4668-BE54-9A1E7A4F7556}") = "App.Core", "App.Core\App.Core.csproj", "{5A77E8A9-B86F-4A87-A7F5-F176D893C754}"
EndProject
Project("{FAE04EC0-301F-11D3-BF4B-00C04F79EFBC}") = "App.Admin", "App.Admin\App.Admin.csproj", "{0A51F2F6-58A7-4D9C-935F-E39D2C4A6616}"
EndProject
Global
	GlobalSection(SolutionConfigurationPlatforms) = preSolution
		Debug|Any CPU = Debug|Any CPU
		Release|Any CPU = Release|Any CPU
	EndGlobalSection
	GlobalSection(ProjectConfigurationPlatforms) = postSolution
		{8A2A0BD2-DAD9-492B-B5A5-11C22217467C}.Debug|Any CPU.ActiveCfg = Debug|Any CPU
		{8A2A0BD2-DAD9-492B-B5A5-11C22217467C}.Debug|Any CPU.Build.0 = Debug|Any CPU
		{8A2A0BD2-DAD9-492B-B5A5-11C22217467C}.Release|Any CPU.ActiveCfg = Release|Any CPU
		{8A2A0BD2-DAD9-492B-B5A5-11C22217467C}.Release|Any CPU.Build.0 = Release|Any CPU
		{5A77E8A9-B86F-4A87-A7F5-F176D893C754}.Debug|Any CPU.ActiveCfg = Debug|Any CPU
		{5A77E8A9-B86F-4A87-A7F5-F176D893C754}.Debug|Any CPU.Build.0 = Debug|Any CPU
		{5A77E8A9-B86F-4A87-A7F5-F176D893C754}.Release|Any CPU.ActiveCfg = Release|Any CPU
		{5A77E8A9-B86F-4A87-A7F5-F176D893C754}.Release|Any CPU.Build.0 = Release|Any CPU
		{0A51F2F6-58A7-4D9C-935F-E39D2C4A6616}.Debug|Any CPU.ActiveCfg = Debug|Any CPU
		{0A51F2F6-58A7-4D9C-935F-E39D2C4A6616}.Debug|Any CPU.Build.0 = Debug|Any CPU
		{0A51F2F6-58A7-4D9C-935F-E39D2C4A6616}.Release|Any CPU.ActiveCfg = Release|Any CPU
		{0A51F2F6-58A7-4D9C-935F-E39D2C4A6616}.Release|Any CPU.Build.0 = Release|Any CPU
	EndGlobalSection
	GlobalSection(SolutionProperties) = preSolution
		HideSolutionNode = FALSE
	EndGlobalSection
	GlobalSection(ExtensibilityGlobals) = postSolution
		SolutionGuid = {F7A9B38C-E0D8-4D1E-967E-1613A1CBED39}
	EndGlobalSection
EndGlobal
